
Microsoft Visual Studio Solution File, Format Version 12.00
# Visual Studio Version 17
VisualStudioVersion = 17.3.32901.215
MinimumVisualStudioVersion = 10.0.40219.1
Project("{FAE04EC0-301F-11D3-BF4B-00C04F79EFBC}") = "DERS01", "DERS01\DERS01.csproj", "{EFF099A2-FB61-455D-9D45-DE0ED9F31C11}"
EndProject
Global
	GlobalSection(SolutionConfigurationPlatforms) = preSolution
		Debug|Any CPU = Debug|Any CPU
		Release|Any CPU = Release|Any CPU
	EndGlobalSection
	GlobalSection(ProjectConfigurationPlatforms) = postSolution
		{EFF099A2-FB61-455D-9D45-DE0ED9F31C11}.Debug|Any CPU.ActiveCfg = Debug|Any CPU
		{EFF099A2-FB61-455D-9D45-DE0ED9F31C11}.Debug|Any CPU.Build.0 = Debug|Any CPU
		{EFF099A2-FB61-455D-9D45-DE0ED9F31C11}.Release|Any CPU.ActiveCfg = Release|Any CPU
		{EFF099A2-FB61-455D-9D45-DE0ED9F31C11}.Release|Any CPU.Build.0 = Release|Any CPU
	EndGlobalSection
	GlobalSection(SolutionProperties) = preSolution
		HideSolutionNode = FALSE
	EndGlobalSection
	GlobalSection(ExtensibilityGlobals) = postSolution
		SolutionGuid = {E39394EE-8CA1-45D9-8183-0BB04C17D3E7}
	EndGlobalSection
EndGlobal
