
Microsoft Visual Studio Solution File, Format Version 12.00
# Visual Studio Version 17
VisualStudioVersion = 17.3.32929.385
MinimumVisualStudioVersion = 10.0.40219.1
Project("{FAE04EC0-301F-11D3-BF4B-00C04F79EFBC}") = "ders1", "ders1\ders1.csproj", "{C8607956-065E-4794-8F10-90101DBBB9DF}"
EndProject
Global
	GlobalSection(SolutionConfigurationPlatforms) = preSolution
		Debug|Any CPU = Debug|Any CPU
		Release|Any CPU = Release|Any CPU
	EndGlobalSection
	GlobalSection(ProjectConfigurationPlatforms) = postSolution
		{C8607956-065E-4794-8F10-90101DBBB9DF}.Debug|Any CPU.ActiveCfg = Debug|Any CPU
		{C8607956-065E-4794-8F10-90101DBBB9DF}.Debug|Any CPU.Build.0 = Debug|Any CPU
		{C8607956-065E-4794-8F10-90101DBBB9DF}.Release|Any CPU.ActiveCfg = Release|Any CPU
		{C8607956-065E-4794-8F10-90101DBBB9DF}.Release|Any CPU.Build.0 = Release|Any CPU
	EndGlobalSection
	GlobalSection(SolutionProperties) = preSolution
		HideSolutionNode = FALSE
	EndGlobalSection
	GlobalSection(ExtensibilityGlobals) = postSolution
		SolutionGuid = {546C3F65-5574-4F09-A936-9D4F08F3EE3A}
	EndGlobalSection
EndGlobal
