
Microsoft Visual Studio Solution File, Format Version 12.00
# Visual Studio Version 17
VisualStudioVersion = 17.3.32929.385
MinimumVisualStudioVersion = 10.0.40219.1
Project("{FAE04EC0-301F-11D3-BF4B-00C04F79EFBC}") = "Ders2", "Ders2\Ders2.csproj", "{06FEABA9-CD20-4DF3-80AF-9398B54F268F}"
EndProject
Global
	GlobalSection(SolutionConfigurationPlatforms) = preSolution
		Debug|Any CPU = Debug|Any CPU
		Release|Any CPU = Release|Any CPU
	EndGlobalSection
	GlobalSection(ProjectConfigurationPlatforms) = postSolution
		{06FEABA9-CD20-4DF3-80AF-9398B54F268F}.Debug|Any CPU.ActiveCfg = Debug|Any CPU
		{06FEABA9-CD20-4DF3-80AF-9398B54F268F}.Debug|Any CPU.Build.0 = Debug|Any CPU
		{06FEABA9-CD20-4DF3-80AF-9398B54F268F}.Release|Any CPU.ActiveCfg = Release|Any CPU
		{06FEABA9-CD20-4DF3-80AF-9398B54F268F}.Release|Any CPU.Build.0 = Release|Any CPU
	EndGlobalSection
	GlobalSection(SolutionProperties) = preSolution
		HideSolutionNode = FALSE
	EndGlobalSection
	GlobalSection(ExtensibilityGlobals) = postSolution
		SolutionGuid = {AABC9923-9A9F-45DD-8990-7C3E3CA6AA7F}
	EndGlobalSection
EndGlobal
